# This file is autogenerated, do not edit; changes may be undone by the next 'dep ensure'.


[[projects]]
  digest = "1:37e7a8e714c63d708d95293b33d7044402ebc44ecb263e8b6961608cf9173235"
  name = "github.com/google/go-github"
  packages = ["github"]
  pruneopts = "UT"
  revision = "cad32f26bbd0216620995d028657c304c95a5eab"
  version = "v26.1.3"

[[projects]]
  digest = "1:a63cff6b5d8b95638bfe300385d93b2a6d9d687734b863da8e09dc834510a690"
  name = "github.com/google/go-querystring"
  packages = ["query"]
  pruneopts = "UT"
  revision = "44c6ddd0a2342c386950e880b658017258da92fc"
  version = "v1.0.0"

[[projects]]
  branch = "master"
  digest = "1:50804d40964a0c59170e827824e79bbf810cc10ae57603d8facce8a1f48f9a83"
  name = "golang.org/x/crypto"
  packages = [
    "cast5",
    "openpgp",
    "openpgp/armor",
    "openpgp/elgamal",
    "openpgp/errors",
    "openpgp/packet",
    "openpgp/s2k",
  ]
  pruneopts = "UT"
  revision = "4def268fd1a49955bfb3dda92fe3db4f924f2285"

[solve-meta]
  analyzer-name = "dep"
  analyzer-version = 1
  input-imports = ["github.com/google/go-github/github"]
  solver-name = "gps-cdcl"
  solver-version = 1
